
Microsoft Visual Studio Solution File, Format Version 12.00
# Visual Studio Version 16
VisualStudioVersion = 16.0.31025.194
MinimumVisualStudioVersion = 10.0.40219.1
Project("{FAE04EC0-301F-11D3-BF4B-00C04F79EFBC}") = "Converter", "Converter\Converter.csproj", "{6E77FC47-32E5-47A7-8947-C0EF45475F30}"
EndProject
Global
	GlobalSection(SolutionConfigurationPlatforms) = preSolution
		Debug|Any CPU = Debug|Any CPU
		Release|Any CPU = Release|Any CPU
	EndGlobalSection
	GlobalSection(ProjectConfigurationPlatforms) = postSolution
		{6E77FC47-32E5-47A7-8947-C0EF45475F30}.Debug|Any CPU.ActiveCfg = Debug|Any CPU
		{6E77FC47-32E5-47A7-8947-C0EF45475F30}.Debug|Any CPU.Build.0 = Debug|Any CPU
		{6E77FC47-32E5-47A7-8947-C0EF45475F30}.Release|Any CPU.ActiveCfg = Release|Any CPU
		{6E77FC47-32E5-47A7-8947-C0EF45475F30}.Release|Any CPU.Build.0 = Release|Any CPU
	EndGlobalSection
	GlobalSection(SolutionProperties) = preSolution
		HideSolutionNode = FALSE
	EndGlobalSection
	GlobalSection(ExtensibilityGlobals) = postSolution
		SolutionGuid = {FDD203CE-CFEE-4F14-821F-6AB88B06FB4C}
	EndGlobalSection
EndGlobal
